{
  "name": "api",
  "version": "1.0.2",
  "lockfileVersion": 2,
  "requires": true,
  "packages": {
    "": {
      "name": "api",
      "version": "1.0.2",
      "license": "MIT",
      "dependencies": {
        "models": "github:treeder/models"
      }
    },
    "node_modules/models": {
      "version": "1.0.4",
      "resolved": "git+ssh://git@github.com/treeder/models.git#7cf8c9d512b07b68e8def5053fa766a014640c8a",
      "license": "MIT"
    }
  },
  "dependencies": {
    "models": {
      "version": "git+ssh://git@github.com/treeder/models.git#7cf8c9d512b07b68e8def5053fa766a014640c8a",
      "from": "models@github:treeder/models"
    }
  }
}
