{
  "name": "api",
  "version": "1.0.3",
  "lockfileVersion": 2,
  "requires": true,
  "packages": {
    "": {
      "name": "api",
      "version": "1.0.3",
      "license": "MIT",
      "dependencies": {
        "models": "github:treeder/models"
      }
    },
    "node_modules/models": {
      "version": "1.0.6",
      "resolved": "git+ssh://git@github.com/treeder/models.git#d58654560b5f093c6d171107e2f146a0ed598848",
      "license": "MIT"
    }
  },
  "dependencies": {
    "models": {
      "version": "git+ssh://git@github.com/treeder/models.git#d58654560b5f093c6d171107e2f146a0ed598848",
      "from": "models@github:treeder/models"
    }
  }
}
